
Microsoft Visual Studio Solution File, Format Version 10.00
# Visual Studio 2008
Project("{8BC9CEB8-8B4A-11D0-8D11-00A0C91BC942}") = "VideoCopyRenderer", "VideoCopyRenderer\VideoCopyRenderer.vcproj", "{2B76966D-2464-4A9B-B39C-FF14D276FE8A}"
EndProject
Project("{8BC9CEB8-8B4A-11D0-8D11-00A0C91BC942}") = "VideoPlayer", "VideoPlayer\VideoPlayer.vcproj", "{73DC9EF7-F899-4DD2-8541-9F1236982DA7}"
EndProject
Project("{8BC9CEB8-8B4A-11D0-8D11-00A0C91BC942}") = "VideoRecoder", "VideoRecoder\VideoRecoder.vcproj", "{21618632-D1BD-43DF-809B-10AA06C86383}"
EndProject
Global
	GlobalSection(SolutionConfigurationPlatforms) = preSolution
		Debug_UseZeranoe|Win32 = Debug_UseZeranoe|Win32
		Debug|Win32 = Debug|Win32
		Release|Win32 = Release|Win32
	EndGlobalSection
	GlobalSection(ProjectConfigurationPlatforms) = postSolution
		{2B76966D-2464-4A9B-B39C-FF14D276FE8A}.Debug_UseZeranoe|Win32.ActiveCfg = Debug_UseZeranoe|Win32
		{2B76966D-2464-4A9B-B39C-FF14D276FE8A}.Debug_UseZeranoe|Win32.Build.0 = Debug_UseZeranoe|Win32
		{2B76966D-2464-4A9B-B39C-FF14D276FE8A}.Debug|Win32.ActiveCfg = Debug|Win32
		{2B76966D-2464-4A9B-B39C-FF14D276FE8A}.Debug|Win32.Build.0 = Debug|Win32
		{2B76966D-2464-4A9B-B39C-FF14D276FE8A}.Release|Win32.ActiveCfg = Release|Win32
		{2B76966D-2464-4A9B-B39C-FF14D276FE8A}.Release|Win32.Build.0 = Release|Win32
		{73DC9EF7-F899-4DD2-8541-9F1236982DA7}.Debug_UseZeranoe|Win32.ActiveCfg = Debug_UseZeranoe|Win32
		{73DC9EF7-F899-4DD2-8541-9F1236982DA7}.Debug_UseZeranoe|Win32.Build.0 = Debug_UseZeranoe|Win32
		{73DC9EF7-F899-4DD2-8541-9F1236982DA7}.Debug|Win32.ActiveCfg = Debug|Win32
		{73DC9EF7-F899-4DD2-8541-9F1236982DA7}.Debug|Win32.Build.0 = Debug|Win32
		{73DC9EF7-F899-4DD2-8541-9F1236982DA7}.Release|Win32.ActiveCfg = Release|Win32
		{73DC9EF7-F899-4DD2-8541-9F1236982DA7}.Release|Win32.Build.0 = Release|Win32
		{21618632-D1BD-43DF-809B-10AA06C86383}.Debug_UseZeranoe|Win32.ActiveCfg = Debug_UseZeranoe|Win32
		{21618632-D1BD-43DF-809B-10AA06C86383}.Debug_UseZeranoe|Win32.Build.0 = Debug_UseZeranoe|Win32
		{21618632-D1BD-43DF-809B-10AA06C86383}.Debug|Win32.ActiveCfg = Debug|Win32
		{21618632-D1BD-43DF-809B-10AA06C86383}.Debug|Win32.Build.0 = Debug|Win32
		{21618632-D1BD-43DF-809B-10AA06C86383}.Release|Win32.ActiveCfg = Release|Win32
		{21618632-D1BD-43DF-809B-10AA06C86383}.Release|Win32.Build.0 = Release|Win32
	EndGlobalSection
	GlobalSection(SolutionProperties) = preSolution
		HideSolutionNode = FALSE
	EndGlobalSection
EndGlobal
